
Microsoft Visual Studio Solution File, Format Version 12.00
# Visual Studio Version 16
VisualStudioVersion = 16.0.30717.126
MinimumVisualStudioVersion = 10.0.40219.1
Project("{FAE04EC0-301F-11D3-BF4B-00C04F79EFBC}") = "App7.Android", "App7\App7.Android\App7.Android.csproj", "{9C241143-919A-45D5-8610-E1A07BD44839}"
EndProject
Project("{FAE04EC0-301F-11D3-BF4B-00C04F79EFBC}") = "App7.iOS", "App7\App7.iOS\App7.iOS.csproj", "{637FDB03-DEEB-454C-9661-3DDB378C66CA}"
EndProject
Project("{FAE04EC0-301F-11D3-BF4B-00C04F79EFBC}") = "App7", "App7\App7\App7.csproj", "{E92DFC4D-64A7-4472-89A9-A6FE7DEC532D}"
EndProject
Global
	GlobalSection(SolutionConfigurationPlatforms) = preSolution
		Debug|Any CPU = Debug|Any CPU
		Debug|iPhone = Debug|iPhone
		Debug|iPhoneSimulator = Debug|iPhoneSimulator
		Release|Any CPU = Release|Any CPU
		Release|iPhone = Release|iPhone
		Release|iPhoneSimulator = Release|iPhoneSimulator
	EndGlobalSection
	GlobalSection(ProjectConfigurationPlatforms) = postSolution
		{9C241143-919A-45D5-8610-E1A07BD44839}.Debug|Any CPU.ActiveCfg = Debug|Any CPU
		{9C241143-919A-45D5-8610-E1A07BD44839}.Debug|Any CPU.Build.0 = Debug|Any CPU
		{9C241143-919A-45D5-8610-E1A07BD44839}.Debug|Any CPU.Deploy.0 = Debug|Any CPU
		{9C241143-919A-45D5-8610-E1A07BD44839}.Debug|iPhone.ActiveCfg = Debug|Any CPU
		{9C241143-919A-45D5-8610-E1A07BD44839}.Debug|iPhone.Build.0 = Debug|Any CPU
		{9C241143-919A-45D5-8610-E1A07BD44839}.Debug|iPhone.Deploy.0 = Debug|Any CPU
		{9C241143-919A-45D5-8610-E1A07BD44839}.Debug|iPhoneSimulator.ActiveCfg = Debug|Any CPU
		{9C241143-919A-45D5-8610-E1A07BD44839}.Debug|iPhoneSimulator.Build.0 = Debug|Any CPU
		{9C241143-919A-45D5-8610-E1A07BD44839}.Debug|iPhoneSimulator.Deploy.0 = Debug|Any CPU
		{9C241143-919A-45D5-8610-E1A07BD44839}.Release|Any CPU.ActiveCfg = Release|Any CPU
		{9C241143-919A-45D5-8610-E1A07BD44839}.Release|Any CPU.Build.0 = Release|Any CPU
		{9C241143-919A-45D5-8610-E1A07BD44839}.Release|Any CPU.Deploy.0 = Release|Any CPU
		{9C241143-919A-45D5-8610-E1A07BD44839}.Release|iPhone.ActiveCfg = Release|Any CPU
		{9C241143-919A-45D5-8610-E1A07BD44839}.Release|iPhone.Build.0 = Release|Any CPU
		{9C241143-919A-45D5-8610-E1A07BD44839}.Release|iPhone.Deploy.0 = Release|Any CPU
		{9C241143-919A-45D5-8610-E1A07BD44839}.Release|iPhoneSimulator.ActiveCfg = Release|Any CPU
		{9C241143-919A-45D5-8610-E1A07BD44839}.Release|iPhoneSimulator.Build.0 = Release|Any CPU
		{9C241143-919A-45D5-8610-E1A07BD44839}.Release|iPhoneSimulator.Deploy.0 = Release|Any CPU
		{637FDB03-DEEB-454C-9661-3DDB378C66CA}.Debug|Any CPU.ActiveCfg = Debug|iPhone
		{637FDB03-DEEB-454C-9661-3DDB378C66CA}.Debug|Any CPU.Build.0 = Debug|iPhone
		{637FDB03-DEEB-454C-9661-3DDB378C66CA}.Debug|Any CPU.Deploy.0 = Debug|iPhone
		{637FDB03-DEEB-454C-9661-3DDB378C66CA}.Debug|iPhone.ActiveCfg = Debug|iPhone
		{637FDB03-DEEB-454C-9661-3DDB378C66CA}.Debug|iPhone.Build.0 = Debug|iPhone
		{637FDB03-DEEB-454C-9661-3DDB378C66CA}.Debug|iPhone.Deploy.0 = Debug|iPhone
		{637FDB03-DEEB-454C-9661-3DDB378C66CA}.Debug|iPhoneSimulator.ActiveCfg = Debug|iPhoneSimulator
		{637FDB03-DEEB-454C-9661-3DDB378C66CA}.Debug|iPhoneSimulator.Build.0 = Debug|iPhoneSimulator
		{637FDB03-DEEB-454C-9661-3DDB378C66CA}.Debug|iPhoneSimulator.Deploy.0 = Debug|iPhoneSimulator
		{637FDB03-DEEB-454C-9661-3DDB378C66CA}.Release|Any CPU.ActiveCfg = Release|iPhoneSimulator
		{637FDB03-DEEB-454C-9661-3DDB378C66CA}.Release|Any CPU.Build.0 = Release|iPhoneSimulator
		{637FDB03-DEEB-454C-9661-3DDB378C66CA}.Release|Any CPU.Deploy.0 = Release|iPhoneSimulator
		{637FDB03-DEEB-454C-9661-3DDB378C66CA}.Release|iPhone.ActiveCfg = Release|iPhone
		{637FDB03-DEEB-454C-9661-3DDB378C66CA}.Release|iPhone.Build.0 = Release|iPhone
		{637FDB03-DEEB-454C-9661-3DDB378C66CA}.Release|iPhone.Deploy.0 = Release|iPhone
		{637FDB03-DEEB-454C-9661-3DDB378C66CA}.Release|iPhoneSimulator.ActiveCfg = Release|iPhoneSimulator
		{637FDB03-DEEB-454C-9661-3DDB378C66CA}.Release|iPhoneSimulator.Build.0 = Release|iPhoneSimulator
		{637FDB03-DEEB-454C-9661-3DDB378C66CA}.Release|iPhoneSimulator.Deploy.0 = Release|iPhoneSimulator
		{E92DFC4D-64A7-4472-89A9-A6FE7DEC532D}.Debug|Any CPU.ActiveCfg = Debug|Any CPU
		{E92DFC4D-64A7-4472-89A9-A6FE7DEC532D}.Debug|Any CPU.Build.0 = Debug|Any CPU
		{E92DFC4D-64A7-4472-89A9-A6FE7DEC532D}.Debug|Any CPU.Deploy.0 = Debug|Any CPU
		{E92DFC4D-64A7-4472-89A9-A6FE7DEC532D}.Debug|iPhone.ActiveCfg = Debug|Any CPU
		{E92DFC4D-64A7-4472-89A9-A6FE7DEC532D}.Debug|iPhone.Build.0 = Debug|Any CPU
		{E92DFC4D-64A7-4472-89A9-A6FE7DEC532D}.Debug|iPhone.Deploy.0 = Debug|Any CPU
		{E92DFC4D-64A7-4472-89A9-A6FE7DEC532D}.Debug|iPhoneSimulator.ActiveCfg = Debug|Any CPU
		{E92DFC4D-64A7-4472-89A9-A6FE7DEC532D}.Debug|iPhoneSimulator.Build.0 = Debug|Any CPU
		{E92DFC4D-64A7-4472-89A9-A6FE7DEC532D}.Debug|iPhoneSimulator.Deploy.0 = Debug|Any CPU
		{E92DFC4D-64A7-4472-89A9-A6FE7DEC532D}.Release|Any CPU.ActiveCfg = Release|Any CPU
		{E92DFC4D-64A7-4472-89A9-A6FE7DEC532D}.Release|Any CPU.Build.0 = Release|Any CPU
		{E92DFC4D-64A7-4472-89A9-A6FE7DEC532D}.Release|Any CPU.Deploy.0 = Release|Any CPU
		{E92DFC4D-64A7-4472-89A9-A6FE7DEC532D}.Release|iPhone.ActiveCfg = Release|Any CPU
		{E92DFC4D-64A7-4472-89A9-A6FE7DEC532D}.Release|iPhone.Build.0 = Release|Any CPU
		{E92DFC4D-64A7-4472-89A9-A6FE7DEC532D}.Release|iPhone.Deploy.0 = Release|Any CPU
		{E92DFC4D-64A7-4472-89A9-A6FE7DEC532D}.Release|iPhoneSimulator.ActiveCfg = Release|Any CPU
		{E92DFC4D-64A7-4472-89A9-A6FE7DEC532D}.Release|iPhoneSimulator.Build.0 = Release|Any CPU
		{E92DFC4D-64A7-4472-89A9-A6FE7DEC532D}.Release|iPhoneSimulator.Deploy.0 = Release|Any CPU
	EndGlobalSection
	GlobalSection(SolutionProperties) = preSolution
		HideSolutionNode = FALSE
	EndGlobalSection
	GlobalSection(ExtensibilityGlobals) = postSolution
		SolutionGuid = {5D0BE660-1197-468D-A2F3-522B3F6BC364}
	EndGlobalSection
EndGlobal
